# This file is automatically @generated by Poetry 1.8.4 and should not be changed by hand.

[[package]]
name = "dependency-injector"
version = "4.43.0"
description = "Dependency injection framework for Python"
optional = false
python-versions = "*"
files = [
    {file = "dependency_injector-4.43.0-cp310-cp310-macosx_11_0_arm64.whl", hash = "sha256:d9df575603a6ae75b393917249c1a4808a33e06ecef903f82b813ba3fc094ac8"},
    {file = "dependency_injector-4.43.0-cp310-cp310-manylinux_2_17_aarch64.manylinux2014_aarch64.whl", hash = "sha256:1735072bcabd6562dabfb0ae0ad5328aebcfeff0ac595efc9c190773fa203198"},
    {file = "dependency_injector-4.43.0-cp310-cp310-manylinux_2_17_x86_64.manylinux2014_x86_64.whl", hash = "sha256:1c6d89a4be17a428316dd791eac7e98cb8653824933551fd21486b4677d9e634"},
    {file = "dependency_injector-4.43.0-cp310-cp310-manylinux_2_5_i686.manylinux1_i686.manylinux_2_17_i686.manylinux2014_i686.whl", hash = "sha256:e64bc6f6c96ce2c8b12fd1105420f9fa84c5aa83b2dc52e92b1be2c077819fe0"},
    {file = "dependency_injector-4.43.0-cp310-cp310-musllinux_1_2_aarch64.whl", hash = "sha256:c67791ca696a96b8f3e82f9025e6d214e2c2fd8891fa4315a4160b99fe4c4ace"},
    {file = "dependency_injector-4.43.0-cp310-cp310-musllinux_1_2_i686.whl", hash = "sha256:4d6bb5c0d741882685109579ab556fc6e89ece9d26ccf70e35ac4f9b84097207"},
    {file = "dependency_injector-4.43.0-cp310-cp310-musllinux_1_2_x86_64.whl", hash = "sha256:d4f9d1466352810e2f536613e52016632d8a172867bfc9d91e4cfccce14180f1"},
    {file = "dependency_injector-4.43.0-cp310-cp310-win32.whl", hash = "sha256:be408c3ff6e55d40362295013ff543e8524778f598dc59b2a40d9620ac2743c1"},
    {file = "dependency_injector-4.43.0-cp310-cp310-win_amd64.whl", hash = "sha256:9fd7f4f44ddff0cd7e40f8923f93ff83f0e8c018a85d36b37a88a835eca7f47f"},
    {file = "dependency_injector-4.43.0-cp311-cp311-macosx_11_0_arm64.whl", hash = "sha256:4f3b2c1d3a4c75772854ef7b47d725e6e894b9e3590bf13bf19e3bac4935ed88"},
    {file = "dependency_injector-4.43.0-cp311-cp311-manylinux_2_17_aarch64.manylinux2014_aarch64.whl", hash = "sha256:39f46a2fe7ddfea96d18521c5c0f265ca3f177060f0ccb4505f9a638c3429b49"},
    {file = "dependency_injector-4.43.0-cp311-cp311-manylinux_2_17_x86_64.manylinux2014_x86_64.whl", hash = "sha256:64c46dd2dd5543554e3ffe05c935fdb4e8a805a162e56c7c7519acefdd374ff0"},
    {file = "dependency_injector-4.43.0-cp311-cp311-manylinux_2_5_i686.manylinux1_i686.manylinux_2_17_i686.manylinux2014_i686.whl", hash = "sha256:3252b32935df3c5f34a4da83d43a38838e0f48d54e47405fcda5e59a2ec4a930"},
    {file = "dependency_injector-4.43.0-cp311-cp311-musllinux_1_2_aarch64.whl", hash = "sha256:200c0286c88c9cb521050eb56e6465f50c289cb145b5308d9d8d79b0b4bac4b6"},
    {file = "dependency_injector-4.43.0-cp311-cp311-musllinux_1_2_i686.whl", hash = "sha256:0791c72a89c4a59c3120b659c3b3e8fbb82e85d4732ffdb8548e395f19425e73"},
    {file = "dependency_injector-4.43.0-cp311-cp311-musllinux_1_2_x86_64.whl", hash = "sha256:5fb045e5db6078da309889fc1447cd89b8bd1c810853b436773f895eae477b3b"},
    {file = "dependency_injector-4.43.0-cp311-cp311-win32.whl", hash = "sha256:d24ebaa219edf95a6dc4559053bb8e295dfdee396478488382fdaa078de57d92"},
    {file = "dependency_injector-4.43.0-cp311-cp311-win_amd64.whl", hash = "sha256:230a6ae585a18845bea4001688badd3c2b7f373bcac5c6e659b14e1e1b6e03f2"},
    {file = "dependency_injector-4.43.0-cp312-cp312-macosx_11_0_arm64.whl", hash = "sha256:3f8e520e420dbbb376d81c2c668b6e0be166c79877d3b56b97547db17199d636"},
    {file = "dependency_injector-4.43.0-cp312-cp312-manylinux_2_17_aarch64.manylinux2014_aarch64.whl", hash = "sha256:f58beecd944dbdb1ead80ca86945d572d314e48e34cb6e32165ac912e5eed0d5"},
    {file = "dependency_injector-4.43.0-cp312-cp312-manylinux_2_17_x86_64.manylinux2014_x86_64.whl", hash = "sha256:a447075f567ce894c1d3a5493d7d0cd9542a9d451ca13d8ffce4e0016bdba201"},
    {file = "dependency_injector-4.43.0-cp312-cp312-manylinux_2_5_i686.manylinux1_i686.manylinux_2_17_i686.manylinux2014_i686.whl", hash = "sha256:36326658415372972711edbd03cc3a68a6866b7b1a5ac7090807601e0fa3847c"},
    {file = "dependency_injector-4.43.0-cp312-cp312-musllinux_1_2_aarch64.whl", hash = "sha256:d70a7651fac1e74889617dfe802798cc941a736929cc6b00a62c33529f3291b5"},
    {file = "dependency_injector-4.43.0-cp312-cp312-musllinux_1_2_i686.whl", hash = "sha256:177b4f3726e36556d04f442b2743e86a56005319e41fcc8410a98951d159f7bf"},
    {file = "dependency_injector-4.43.0-cp312-cp312-musllinux_1_2_x86_64.whl", hash = "sha256:544843c65aa289a1a9ca79e7a8bd4aad41dbac2d56600ca2735047a404ba4a3b"},
    {file = "dependency_injector-4.43.0-cp312-cp312-win32.whl", hash = "sha256:3e559a7f28b4ffae35e28333b0b10e4fce8021214c078e6fa5b85770e821e1eb"},
    {file = "dependency_injector-4.43.0-cp312-cp312-win_amd64.whl", hash = "sha256:7d80534f4d4712494ec61761f0629588a2eb12789aa3ec9f54247ffacf92f266"},
    {file = "dependency_injector-4.43.0-cp313-cp313-macosx_11_0_arm64.whl", hash = "sha256:e7ceb7fabf22138ec4cd3d6943ce9e1ba4ab9514a87511ebe3597382240ec79e"},
    {file = "dependency_injector-4.43.0-cp313-cp313-manylinux_2_17_aarch64.manylinux2014_aarch64.whl", hash = "sha256:3481413efdd3b85ccdce73a0ecbd75d47eadcc823b73cd0d5accdc2c2477fc0c"},
    {file = "dependency_injector-4.43.0-cp313-cp313-manylinux_2_17_x86_64.manylinux2014_x86_64.whl", hash = "sha256:38e6f3fb010796ce4691906334156d25e4e365bc6e841b64464518eec0896f2a"},
    {file = "dependency_injector-4.43.0-cp313-cp313-manylinux_2_5_i686.manylinux1_i686.manylinux_2_17_i686.manylinux2014_i686.whl", hash = "sha256:f312bb9dec59a6216800a7d90417cf74be0b08a19fa8f54d8d2bbb3fdf516927"},
    {file = "dependency_injector-4.43.0-cp313-cp313-musllinux_1_2_aarch64.whl", hash = "sha256:11f3129a16f229c54de87e034fd42d64b8de630a6938d2b83f4c1d9815181ec1"},
    {file = "dependency_injector-4.43.0-cp313-cp313-musllinux_1_2_i686.whl", hash = "sha256:6b6dafac3a69d0ad0de96a6f0fb0ea786c1b5cf8bbe88fec1de3455f4b685647"},
    {file = "dependency_injector-4.43.0-cp313-cp313-musllinux_1_2_x86_64.whl", hash = "sha256:fc1b0b335b1d9810204aa687f17c2e8ac1bdebdd935f10bd54a6a7d3af952631"},
    {file = "dependency_injector-4.43.0-cp313-cp313-win32.whl", hash = "sha256:fba63d0fec1fe78b2fae545f219fce16a5fcaa2acc0a2f9564a3e1c5ec27b356"},
    {file = "dependency_injector-4.43.0-cp313-cp313-win_amd64.whl", hash = "sha256:efd7dd1d39e2998c21c5b02f303792a7c4205ea4fda63f2306a5e5b98e2a251a"},
    {file = "dependency_injector-4.43.0-cp36-cp36m-manylinux_2_17_aarch64.manylinux2014_aarch64.whl", hash = "sha256:2c93b20bfbb392ad83f8a900632d0c92c5e04bb5b5fa3961be062f1fa516401f"},
    {file = "dependency_injector-4.43.0-cp36-cp36m-manylinux_2_17_x86_64.manylinux2014_x86_64.whl", hash = "sha256:690e17cb943edb2d907885e8f11faa476d58cf0b1b4b67278fe3203616147997"},
    {file = "dependency_injector-4.43.0-cp36-cp36m-manylinux_2_5_i686.manylinux1_i686.manylinux_2_17_i686.manylinux2014_i686.whl", hash = "sha256:4f6bab4c4334321ccef5bcf94313c34b730c1df91812205181620358318145b6"},
    {file = "dependency_injector-4.43.0-cp36-cp36m-musllinux_1_2_aarch64.whl", hash = "sha256:145d20e8f7e1327a27cfdf87b2cc3aac976da759726e7ac104fc76d05f6902e9"},
    {file = "dependency_injector-4.43.0-cp36-cp36m-musllinux_1_2_i686.whl", hash = "sha256:d886e846fd6128b70ebdcdb40c04fa7a5b6c9f5e3ee2672686606af63eb55ecb"},
    {file = "dependency_injector-4.43.0-cp36-cp36m-musllinux_1_2_x86_64.whl", hash = "sha256:5997d3460ef1b1db12be512a0cf57816c8c7940cbad262f0eddfea0a61ae65f8"},
    {file = "dependency_injector-4.43.0-cp36-cp36m-win32.whl", hash = "sha256:9b1991ea8bc60f4cf2593670387d54cc834d470c06a69e9231a179cd1333379b"},
    {file = "dependency_injector-4.43.0-cp36-cp36m-win_amd64.whl", hash = "sha256:315e5244d3c9d02c9d1e134e06c1db044cae01a33295ce65718eb230758db4c4"},
    {file = "dependency_injector-4.43.0-cp37-cp37m-manylinux_2_17_aarch64.manylinux2014_aarch64.whl", hash = "sha256:6431919fc77666c01d1512de914d0b58ee0ef34722c77b58687832063a64df14"},
    {file = "dependency_injector-4.43.0-cp37-cp37m-manylinux_2_17_x86_64.manylinux2014_x86_64.whl", hash = "sha256:c4bee3b51a433c848f77c3ce45f341ab85213a442f9e2ad9bc92289ef2a7c8bd"},
    {file = "dependency_injector-4.43.0-cp37-cp37m-manylinux_2_5_i686.manylinux1_i686.manylinux_2_17_i686.manylinux2014_i686.whl", hash = "sha256:07081a671927cea7b4a9812b69a84f4d554fcd6f6da3fafe8a719c714ecb69a3"},
    {file = "dependency_injector-4.43.0-cp37-cp37m-musllinux_1_2_aarch64.whl", hash = "sha256:c4f30c9a505f649ab0cb004cd9f48c3df5b06287c177536417f8d30cfdfa5bc2"},
    {file = "dependency_injector-4.43.0-cp37-cp37m-musllinux_1_2_i686.whl", hash = "sha256:31f80970567bdaf040165f679b12780fb7b7a90d6921ac26355f401b1a516e3d"},
    {file = "dependency_injector-4.43.0-cp37-cp37m-musllinux_1_2_x86_64.whl", hash = "sha256:ffbd8e51ffcf8f8ff8cb6edccee5e77932ec4bdda1ca17b9f6a98d396fde5993"},
    {file = "dependency_injector-4.43.0-cp37-cp37m-win32.whl", hash = "sha256:8d8fa0c3fa495dc8605232e730913da4af43757e4be78d4a6cce8d5c1d88d9ac"},
    {file = "dependency_injector-4.43.0-cp37-cp37m-win_amd64.whl", hash = "sha256:fd15638b67f41034edd1eaffbb008ac2ff47839ab32b3fa13ca1b33e8a95cb9f"},
    {file = "dependency_injector-4.43.0-cp38-cp38-macosx_11_0_arm64.whl", hash = "sha256:9bb96f2762cbfc9b654075075871a7051d37a9cceeabace877a95a03d8142cf0"},
    {file = "dependency_injector-4.43.0-cp38-cp38-manylinux_2_17_aarch64.manylinux2014_aarch64.whl", hash = "sha256:0b4a5d41813b56d122f13ae0fdbb1078dd41206c8f5bb7192a1582c982a34ad6"},
    {file = "dependency_injector-4.43.0-cp38-cp38-manylinux_2_17_x86_64.manylinux2014_x86_64.whl", hash = "sha256:bbeb38085c1cb20b21338294e90fa9e7944bf162da63f587734a4d6991c4b1f1"},
    {file = "dependency_injector-4.43.0-cp38-cp38-manylinux_2_5_i686.manylinux1_i686.manylinux_2_17_i686.manylinux2014_i686.whl", hash = "sha256:fc58fc7e60924e9a93e2b83976173ea095b55f3508175252d50884aa08340185"},
    {file = "dependency_injector-4.43.0-cp38-cp38-musllinux_1_2_aarch64.whl", hash = "sha256:726131d9f64d26a4915fae413502584e4f739b66eec6b7b23ab43d8bab255b1d"},
    {file = "dependency_injector-4.43.0-cp38-cp38-musllinux_1_2_i686.whl", hash = "sha256:fc619ae6b5490beea9f9a53230ddbe084f11609ec1a3d56b0e58966c2ce81815"},
    {file = "dependency_injector-4.43.0-cp38-cp38-musllinux_1_2_x86_64.whl", hash = "sha256:28dc5af50ceee52df01b26f6d7bfcc32ff2aaba938c252d110c52f5de9580b0c"},
    {file = "dependency_injector-4.43.0-cp38-cp38-win32.whl", hash = "sha256:c09a977122a6bb57f74f871802dbf3a204cfdae197d423bf93ca4ec3aba871f4"},
    {file = "dependency_injector-4.43.0-cp38-cp38-win_amd64.whl", hash = "sha256:6ea5fc7a6d2b0f780e444643e46a6bdf739213fe4b9d26c286fb78f37e337bb8"},
    {file = "dependency_injector-4.43.0-cp39-cp39-macosx_11_0_arm64.whl", hash = "sha256:7190b45fc53dc6f41633fa6942052e38f7c463ad47305ba95d56c5b4d075e887"},
    {file = "dependency_injector-4.43.0-cp39-cp39-manylinux_2_17_aarch64.manylinux2014_aarch64.whl", hash = "sha256:440c2f9cf21b83bfd30c9da3ae8f95f7d395800a8feae538bf60db50c2c8974a"},
    {file = "dependency_injector-4.43.0-cp39-cp39-manylinux_2_17_x86_64.manylinux2014_x86_64.whl", hash = "sha256:f3b83c0e637f28bb2d8a0555e545ffdd76d9d69fe3e936ab25c6af35e8556e36"},
    {file = "dependency_injector-4.43.0-cp39-cp39-manylinux_2_5_i686.manylinux1_i686.manylinux_2_17_i686.manylinux2014_i686.whl", hash = "sha256:d8d6ec07de0479e209899f98ed7babf35fa72878933f153faf37a5abaf4cb125"},
    {file = "dependency_injector-4.43.0-cp39-cp39-musllinux_1_2_aarch64.whl", hash = "sha256:454c2442e2b105d038b41c153cd9a9a55c6d7bf61bac0db8ace38f8c3f62179e"},
    {file = "dependency_injector-4.43.0-cp39-cp39-musllinux_1_2_i686.whl", hash = "sha256:52c7ab128131ff67e4b776f6704d47ae90f43686287dce0f5bb702f93f870e7a"},
    {file = "dependency_injector-4.43.0-cp39-cp39-musllinux_1_2_x86_64.whl", hash = "sha256:d3bda19adcdfccb3fbb20a7516c5b8330a09714301a71b2c5d7fe4304d6479df"},
    {file = "dependency_injector-4.43.0-cp39-cp39-win32.whl", hash = "sha256:6ad97e9366fc1451ff79de12ec0294a7c81ccb74b0da7b594b6cf8e8a7b9c0bb"},
    {file = "dependency_injector-4.43.0-cp39-cp39-win_amd64.whl", hash = "sha256:4f074aae7be8461ba4faff3be431e4d8dfe596e5fca884642e6e10f1fb585471"},
    {file = "dependency_injector-4.43.0-pp310-pypy310_pp73-macosx_11_0_arm64.whl", hash = "sha256:0647cda56ff7ab2bbf2bf051800edeb6b5bab4c134df04e59ba231cf1c95ce1e"},
    {file = "dependency_injector-4.43.0-pp310-pypy310_pp73-manylinux_2_17_aarch64.manylinux2014_aarch64.whl", hash = "sha256:c8acd5819c86424c674f7d30a2521f7883e35241afe4b3b569d481a36bc0bae3"},
    {file = "dependency_injector-4.43.0-pp310-pypy310_pp73-manylinux_2_5_i686.manylinux1_i686.manylinux_2_17_i686.manylinux2014_i686.whl", hash = "sha256:fec243d4d5fcdb423c543139d93eeaa76526e35f0faa8555eb03fb45fafab605"},
    {file = "dependency_injector-4.43.0-pp310-pypy310_pp73-manylinux_2_5_x86_64.manylinux1_x86_64.manylinux_2_17_x86_64.manylinux2014_x86_64.whl", hash = "sha256:deee43b5aaa62355f3bed9c4a8129676ef68001f48f8244fa1aa6f39d0921ba8"},
    {file = "dependency_injector-4.43.0-pp310-pypy310_pp73-win_amd64.whl", hash = "sha256:ece96fb2f0f33abdc80afe28f66dbce51372809cf39b58ebe6baea24f3f2e88f"},
    {file = "dependency_injector-4.43.0-pp37-pypy37_pp73-manylinux_2_17_aarch64.manylinux2014_aarch64.whl", hash = "sha256:e2caef27963266c85f6c12df57eabe06e04c38f349f2f2d423d765104164e189"},
    {file = "dependency_injector-4.43.0-pp37-pypy37_pp73-manylinux_2_5_i686.manylinux1_i686.manylinux_2_17_i686.manylinux2014_i686.whl", hash = "sha256:67b984a51a9635b57d4018d10d32bdb189c6f70d0a93739e0505b86634fa0bd2"},
    {file = "dependency_injector-4.43.0-pp37-pypy37_pp73-manylinux_2_5_x86_64.manylinux1_x86_64.manylinux_2_17_x86_64.manylinux2014_x86_64.whl", hash = "sha256:4cf4972a7fa40cb18f8efd0924c8d2999fffafd9817aa81858f2b7869d53c855"},
    {file = "dependency_injector-4.43.0-pp37-pypy37_pp73-win_amd64.whl", hash = "sha256:f399de5683a5fa6cd0a4a952e3b5466e56e9516cd0f69cc502b67fb7f8288f8b"},
    {file = "dependency_injector-4.43.0-pp38-pypy38_pp73-macosx_11_0_arm64.whl", hash = "sha256:6aa12b0af78d9d8486bbed435d88cde8190074c3c268a6f9c7d41d10d6a232ab"},
    {file = "dependency_injector-4.43.0-pp38-pypy38_pp73-manylinux_2_17_aarch64.manylinux2014_aarch64.whl", hash = "sha256:3003592fd1b9fbaa585ebec41ffba5d6b6afbf6cb90c144a03a3269ae0100b48"},
    {file = "dependency_injector-4.43.0-pp38-pypy38_pp73-manylinux_2_5_i686.manylinux1_i686.manylinux_2_17_i686.manylinux2014_i686.whl", hash = "sha256:7b30d4a3d544087aca03045af1bf92bad37588831bc361901104394e47b5eeb2"},
    {file = "dependency_injector-4.43.0-pp38-pypy38_pp73-manylinux_2_5_x86_64.manylinux1_x86_64.manylinux_2_17_x86_64.manylinux2014_x86_64.whl", hash = "sha256:199791d9bb3b187eb05c41a9ca9fc87fc2bcbb78a0fcc3b38b60baf7be1880eb"},
    {file = "dependency_injector-4.43.0-pp38-pypy38_pp73-win_amd64.whl", hash = "sha256:4fcad4d27a8da1e8f2b8a941bde064b516a80c7bdf75ad51293c3876b7c75cb8"},
    {file = "dependency_injector-4.43.0-pp39-pypy39_pp73-macosx_11_0_arm64.whl", hash = "sha256:6e9e02eb20a58f958e2ac1a9c3fc7506c4365409b56729f20fd481db94b44173"},
    {file = "dependency_injector-4.43.0-pp39-pypy39_pp73-manylinux_2_17_aarch64.manylinux2014_aarch64.whl", hash = "sha256:10a9c66bd93aca63de45403cbcca4061b07e75f702ca203bbd121938d3b3ed0e"},
    {file = "dependency_injector-4.43.0-pp39-pypy39_pp73-manylinux_2_5_i686.manylinux1_i686.manylinux_2_17_i686.manylinux2014_i686.whl", hash = "sha256:b44e524c7add4b897aac62c7b964307b0604dc8dabeea35bb06c28d65ddb6bc6"},
    {file = "dependency_injector-4.43.0-pp39-pypy39_pp73-manylinux_2_5_x86_64.manylinux1_x86_64.manylinux_2_17_x86_64.manylinux2014_x86_64.whl", hash = "sha256:ab7664f88262a3ee2aae07c84fcff0a08f0020141e2b3a8e3065b8dbf5fb13e6"},
    {file = "dependency_injector-4.43.0-pp39-pypy39_pp73-win_amd64.whl", hash = "sha256:862f24685eeada264632e333ec5f49affdb1b4aac6a52785b6b7b88e72d0be5d"},
    {file = "dependency_injector-4.43.0.tar.gz", hash = "sha256:d0774234cc4d5c860fa971912182131b45f41ebabd9e3fc2ce80f4b1d05de057"},
]

[package.dependencies]
six = ">=1.7.0,<=1.16.0"

[package.extras]
aiohttp = ["aiohttp"]
flask = ["flask"]
pydantic = ["pydantic"]
yaml = ["pyyaml"]

[[package]]
name = "six"
version = "1.16.0"
description = "Python 2 and 3 compatibility utilities"
optional = false
python-versions = ">=2.7, !=3.0.*, !=3.1.*, !=3.2.*"
files = [
    {file = "six-1.16.0-py2.py3-none-any.whl", hash = "sha256:8abb2f1d86890a2dfb989f9a77cfcfd3e47c2a354b01111771326f8aa26e0254"},
    {file = "six-1.16.0.tar.gz", hash = "sha256:1e61c37477a1626458e36f7b1d82aa5c9b094fa4802892072e49de9c60c4c926"},
]

[metadata]
lock-version = "2.0"
python-versions = "^3.12"
content-hash = "8ac5e735df79ff037671c935343d664f4ce4930847a964c9edca486d21a59acd"
